
Microsoft Visual Studio Solution File, Format Version 12.00
# Visual Studio Version 17
VisualStudioVersion = 17.5.33530.505
MinimumVisualStudioVersion = 10.0.40219.1
Project("{FAE04EC0-301F-11D3-BF4B-00C04F79EFBC}") = "M2S3E02", "M2S3E02\M2S3E02.csproj", "{D12877A7-B519-4757-A4CA-228AACEC4344}"
EndProject
Global
	GlobalSection(SolutionConfigurationPlatforms) = preSolution
		Debug|Any CPU = Debug|Any CPU
		Release|Any CPU = Release|Any CPU
	EndGlobalSection
	GlobalSection(ProjectConfigurationPlatforms) = postSolution
		{D12877A7-B519-4757-A4CA-228AACEC4344}.Debug|Any CPU.ActiveCfg = Debug|Any CPU
		{D12877A7-B519-4757-A4CA-228AACEC4344}.Debug|Any CPU.Build.0 = Debug|Any CPU
		{D12877A7-B519-4757-A4CA-228AACEC4344}.Release|Any CPU.ActiveCfg = Release|Any CPU
		{D12877A7-B519-4757-A4CA-228AACEC4344}.Release|Any CPU.Build.0 = Release|Any CPU
	EndGlobalSection
	GlobalSection(SolutionProperties) = preSolution
		HideSolutionNode = FALSE
	EndGlobalSection
	GlobalSection(ExtensibilityGlobals) = postSolution
		SolutionGuid = {EFB66BFE-7CCF-4741-B295-60AD67BE9CBA}
	EndGlobalSection
EndGlobal
