
Microsoft Visual Studio Solution File, Format Version 12.00
# Visual Studio Version 17
VisualStudioVersion = 17.5.33530.505
MinimumVisualStudioVersion = 10.0.40219.1
Project("{FAE04EC0-301F-11D3-BF4B-00C04F79EFBC}") = "M2S4E10", "M2S4E10\M2S4E10.csproj", "{9BB749A9-870B-4CE4-8B0B-B9E6D45320F9}"
EndProject
Global
	GlobalSection(SolutionConfigurationPlatforms) = preSolution
		Debug|Any CPU = Debug|Any CPU
		Release|Any CPU = Release|Any CPU
	EndGlobalSection
	GlobalSection(ProjectConfigurationPlatforms) = postSolution
		{9BB749A9-870B-4CE4-8B0B-B9E6D45320F9}.Debug|Any CPU.ActiveCfg = Debug|Any CPU
		{9BB749A9-870B-4CE4-8B0B-B9E6D45320F9}.Debug|Any CPU.Build.0 = Debug|Any CPU
		{9BB749A9-870B-4CE4-8B0B-B9E6D45320F9}.Release|Any CPU.ActiveCfg = Release|Any CPU
		{9BB749A9-870B-4CE4-8B0B-B9E6D45320F9}.Release|Any CPU.Build.0 = Release|Any CPU
	EndGlobalSection
	GlobalSection(SolutionProperties) = preSolution
		HideSolutionNode = FALSE
	EndGlobalSection
	GlobalSection(ExtensibilityGlobals) = postSolution
		SolutionGuid = {30153D16-8940-42A7-BB90-124C8E395FD3}
	EndGlobalSection
EndGlobal
