
Microsoft Visual Studio Solution File, Format Version 12.00
# Visual Studio Version 17
VisualStudioVersion = 17.5.33530.505
MinimumVisualStudioVersion = 10.0.40219.1
Project("{FAE04EC0-301F-11D3-BF4B-00C04F79EFBC}") = "M2S2E06", "M2S2E06\M2S2E06.csproj", "{D690DE1D-FD65-46EE-AB2F-62F6859A129E}"
EndProject
Global
	GlobalSection(SolutionConfigurationPlatforms) = preSolution
		Debug|Any CPU = Debug|Any CPU
		Release|Any CPU = Release|Any CPU
	EndGlobalSection
	GlobalSection(ProjectConfigurationPlatforms) = postSolution
		{D690DE1D-FD65-46EE-AB2F-62F6859A129E}.Debug|Any CPU.ActiveCfg = Debug|Any CPU
		{D690DE1D-FD65-46EE-AB2F-62F6859A129E}.Debug|Any CPU.Build.0 = Debug|Any CPU
		{D690DE1D-FD65-46EE-AB2F-62F6859A129E}.Release|Any CPU.ActiveCfg = Release|Any CPU
		{D690DE1D-FD65-46EE-AB2F-62F6859A129E}.Release|Any CPU.Build.0 = Release|Any CPU
	EndGlobalSection
	GlobalSection(SolutionProperties) = preSolution
		HideSolutionNode = FALSE
	EndGlobalSection
	GlobalSection(ExtensibilityGlobals) = postSolution
		SolutionGuid = {B9B32F7A-5EEA-4106-976D-A22467E0447A}
	EndGlobalSection
EndGlobal
