
Microsoft Visual Studio Solution File, Format Version 12.00
# Visual Studio Version 17
VisualStudioVersion = 17.5.33530.505
MinimumVisualStudioVersion = 10.0.40219.1
Project("{FAE04EC0-301F-11D3-BF4B-00C04F79EFBC}") = "M2S4E02", "M2S4E02\M2S4E02.csproj", "{27119CFF-0B13-4E77-9A8A-33A3B47A6F5B}"
EndProject
Global
	GlobalSection(SolutionConfigurationPlatforms) = preSolution
		Debug|Any CPU = Debug|Any CPU
		Release|Any CPU = Release|Any CPU
	EndGlobalSection
	GlobalSection(ProjectConfigurationPlatforms) = postSolution
		{27119CFF-0B13-4E77-9A8A-33A3B47A6F5B}.Debug|Any CPU.ActiveCfg = Debug|Any CPU
		{27119CFF-0B13-4E77-9A8A-33A3B47A6F5B}.Debug|Any CPU.Build.0 = Debug|Any CPU
		{27119CFF-0B13-4E77-9A8A-33A3B47A6F5B}.Release|Any CPU.ActiveCfg = Release|Any CPU
		{27119CFF-0B13-4E77-9A8A-33A3B47A6F5B}.Release|Any CPU.Build.0 = Release|Any CPU
	EndGlobalSection
	GlobalSection(SolutionProperties) = preSolution
		HideSolutionNode = FALSE
	EndGlobalSection
	GlobalSection(ExtensibilityGlobals) = postSolution
		SolutionGuid = {4A06E7B5-BCC3-463B-97DF-1976D5C92CFC}
	EndGlobalSection
EndGlobal
